
Microsoft Visual Studio Solution File, Format Version 12.00
# Visual Studio 15
VisualStudioVersion = 15.0.28010.2046
MinimumVisualStudioVersion = 10.0.40219.1
Project("{9A19103F-16F7-4668-BE54-9A1E7A4F7556}") = "FactoryPattern", "FactoryPattern\FactoryPattern.csproj", "{26ECA8BD-6A2B-4CE6-8159-966458C4D247}"
EndProject
Project("{9A19103F-16F7-4668-BE54-9A1E7A4F7556}") = "CommandPattern", "CommandPattern\CommandPattern.csproj", "{7951F16A-8B35-45FB-93D8-DF5AE5FE8356}"
EndProject
Project("{9A19103F-16F7-4668-BE54-9A1E7A4F7556}") = "GenericCommandPattern", "GenericCommandPattern\GenericCommandPattern.csproj", "{17AF7CD5-CABF-464A-962E-4A7226178DA1}"
EndProject
Project("{9A19103F-16F7-4668-BE54-9A1E7A4F7556}") = "ObserverPattern", "ObserverPattern\ObserverPattern.csproj", "{C0DF8FD5-DB19-4ACF-88E6-B01BEC3C92A0}"
EndProject
Global
	GlobalSection(SolutionConfigurationPlatforms) = preSolution
		Debug|Any CPU = Debug|Any CPU
		Release|Any CPU = Release|Any CPU
	EndGlobalSection
	GlobalSection(ProjectConfigurationPlatforms) = postSolution
		{26ECA8BD-6A2B-4CE6-8159-966458C4D247}.Debug|Any CPU.ActiveCfg = Debug|Any CPU
		{26ECA8BD-6A2B-4CE6-8159-966458C4D247}.Debug|Any CPU.Build.0 = Debug|Any CPU
		{26ECA8BD-6A2B-4CE6-8159-966458C4D247}.Release|Any CPU.ActiveCfg = Release|Any CPU
		{26ECA8BD-6A2B-4CE6-8159-966458C4D247}.Release|Any CPU.Build.0 = Release|Any CPU
		{7951F16A-8B35-45FB-93D8-DF5AE5FE8356}.Debug|Any CPU.ActiveCfg = Debug|Any CPU
		{7951F16A-8B35-45FB-93D8-DF5AE5FE8356}.Debug|Any CPU.Build.0 = Debug|Any CPU
		{7951F16A-8B35-45FB-93D8-DF5AE5FE8356}.Release|Any CPU.ActiveCfg = Release|Any CPU
		{7951F16A-8B35-45FB-93D8-DF5AE5FE8356}.Release|Any CPU.Build.0 = Release|Any CPU
		{17AF7CD5-CABF-464A-962E-4A7226178DA1}.Debug|Any CPU.ActiveCfg = Debug|Any CPU
		{17AF7CD5-CABF-464A-962E-4A7226178DA1}.Debug|Any CPU.Build.0 = Debug|Any CPU
		{17AF7CD5-CABF-464A-962E-4A7226178DA1}.Release|Any CPU.ActiveCfg = Release|Any CPU
		{17AF7CD5-CABF-464A-962E-4A7226178DA1}.Release|Any CPU.Build.0 = Release|Any CPU
		{C0DF8FD5-DB19-4ACF-88E6-B01BEC3C92A0}.Debug|Any CPU.ActiveCfg = Debug|Any CPU
		{C0DF8FD5-DB19-4ACF-88E6-B01BEC3C92A0}.Debug|Any CPU.Build.0 = Debug|Any CPU
		{C0DF8FD5-DB19-4ACF-88E6-B01BEC3C92A0}.Release|Any CPU.ActiveCfg = Release|Any CPU
		{C0DF8FD5-DB19-4ACF-88E6-B01BEC3C92A0}.Release|Any CPU.Build.0 = Release|Any CPU
	EndGlobalSection
	GlobalSection(SolutionProperties) = preSolution
		HideSolutionNode = FALSE
	EndGlobalSection
	GlobalSection(ExtensibilityGlobals) = postSolution
		SolutionGuid = {D476B714-F119-4C06-B757-C70540077A00}
	EndGlobalSection
EndGlobal
