
Microsoft Visual Studio Solution File, Format Version 12.00
# Visual Studio Version 16
VisualStudioVersion = 16.0.28803.352
MinimumVisualStudioVersion = 10.0.40219.1
Project("{9A19103F-16F7-4668-BE54-9A1E7A4F7556}") = "FactoryPattern", "FactoryPattern\FactoryPattern.csproj", "{26ECA8BD-6A2B-4CE6-8159-966458C4D247}"
EndProject
Project("{9A19103F-16F7-4668-BE54-9A1E7A4F7556}") = "CommandPattern", "CommandPattern\CommandPattern.csproj", "{7951F16A-8B35-45FB-93D8-DF5AE5FE8356}"
EndProject
Project("{9A19103F-16F7-4668-BE54-9A1E7A4F7556}") = "GenericCommandPattern", "GenericCommandPattern\GenericCommandPattern.csproj", "{17AF7CD5-CABF-464A-962E-4A7226178DA1}"
EndProject
Project("{9A19103F-16F7-4668-BE54-9A1E7A4F7556}") = "ObserverPattern", "ObserverPattern\ObserverPattern.csproj", "{C0DF8FD5-DB19-4ACF-88E6-B01BEC3C92A0}"
EndProject
Project("{9A19103F-16F7-4668-BE54-9A1E7A4F7556}") = "SingletonPattern", "SingletonPattern\SingletonPattern.csproj", "{EA815177-C250-48F5-BC29-60EBDA961914}"
EndProject
Project("{9A19103F-16F7-4668-BE54-9A1E7A4F7556}") = "StrategyPattern", "StrategyPattern\StrategyPattern.csproj", "{9CE850E3-6E60-48D9-B57D-5EAE8AD2A259}"
EndProject
Project("{9A19103F-16F7-4668-BE54-9A1E7A4F7556}") = "StrategyPricingInfo", "StretegyPricingInfo\StrategyPricingInfo.csproj", "{B4C400CF-05C1-446A-8BDA-B2759BBB911F}"
EndProject
Project("{9A19103F-16F7-4668-BE54-9A1E7A4F7556}") = "Maybe", "Maybe\Maybe.csproj", "{E343B10D-50F8-453D-BAD4-0F607CE11907}"
EndProject
Project("{9A19103F-16F7-4668-BE54-9A1E7A4F7556}") = "Immutability", "Immutability\Immutability.csproj", "{83464DE5-DDCE-4657-ACC2-F5F934C80C77}"
EndProject
Project("{9A19103F-16F7-4668-BE54-9A1E7A4F7556}") = "Inheritance", "Inheritance\Inheritance.csproj", "{9228D0F6-7475-4D2C-8D0E-E8C608824E2F}"
EndProject
Project("{FAE04EC0-301F-11D3-BF4B-00C04F79EFBC}") = "EqualityProject", "..\..\Users\crist\Desktop\EqualityProject\EqualityProject\EqualityProject.csproj", "{B4FAB170-EA32-4A51-904F-EC7647194B93}"
EndProject
Global
	GlobalSection(SolutionConfigurationPlatforms) = preSolution
		Debug|Any CPU = Debug|Any CPU
		Release|Any CPU = Release|Any CPU
	EndGlobalSection
	GlobalSection(ProjectConfigurationPlatforms) = postSolution
		{26ECA8BD-6A2B-4CE6-8159-966458C4D247}.Debug|Any CPU.ActiveCfg = Debug|Any CPU
		{26ECA8BD-6A2B-4CE6-8159-966458C4D247}.Debug|Any CPU.Build.0 = Debug|Any CPU
		{26ECA8BD-6A2B-4CE6-8159-966458C4D247}.Release|Any CPU.ActiveCfg = Release|Any CPU
		{26ECA8BD-6A2B-4CE6-8159-966458C4D247}.Release|Any CPU.Build.0 = Release|Any CPU
		{7951F16A-8B35-45FB-93D8-DF5AE5FE8356}.Debug|Any CPU.ActiveCfg = Debug|Any CPU
		{7951F16A-8B35-45FB-93D8-DF5AE5FE8356}.Debug|Any CPU.Build.0 = Debug|Any CPU
		{7951F16A-8B35-45FB-93D8-DF5AE5FE8356}.Release|Any CPU.ActiveCfg = Release|Any CPU
		{7951F16A-8B35-45FB-93D8-DF5AE5FE8356}.Release|Any CPU.Build.0 = Release|Any CPU
		{17AF7CD5-CABF-464A-962E-4A7226178DA1}.Debug|Any CPU.ActiveCfg = Debug|Any CPU
		{17AF7CD5-CABF-464A-962E-4A7226178DA1}.Debug|Any CPU.Build.0 = Debug|Any CPU
		{17AF7CD5-CABF-464A-962E-4A7226178DA1}.Release|Any CPU.ActiveCfg = Release|Any CPU
		{17AF7CD5-CABF-464A-962E-4A7226178DA1}.Release|Any CPU.Build.0 = Release|Any CPU
		{C0DF8FD5-DB19-4ACF-88E6-B01BEC3C92A0}.Debug|Any CPU.ActiveCfg = Debug|Any CPU
		{C0DF8FD5-DB19-4ACF-88E6-B01BEC3C92A0}.Debug|Any CPU.Build.0 = Debug|Any CPU
		{C0DF8FD5-DB19-4ACF-88E6-B01BEC3C92A0}.Release|Any CPU.ActiveCfg = Release|Any CPU
		{C0DF8FD5-DB19-4ACF-88E6-B01BEC3C92A0}.Release|Any CPU.Build.0 = Release|Any CPU
		{EA815177-C250-48F5-BC29-60EBDA961914}.Debug|Any CPU.ActiveCfg = Debug|Any CPU
		{EA815177-C250-48F5-BC29-60EBDA961914}.Debug|Any CPU.Build.0 = Debug|Any CPU
		{EA815177-C250-48F5-BC29-60EBDA961914}.Release|Any CPU.ActiveCfg = Release|Any CPU
		{EA815177-C250-48F5-BC29-60EBDA961914}.Release|Any CPU.Build.0 = Release|Any CPU
		{9CE850E3-6E60-48D9-B57D-5EAE8AD2A259}.Debug|Any CPU.ActiveCfg = Debug|Any CPU
		{9CE850E3-6E60-48D9-B57D-5EAE8AD2A259}.Debug|Any CPU.Build.0 = Debug|Any CPU
		{9CE850E3-6E60-48D9-B57D-5EAE8AD2A259}.Release|Any CPU.ActiveCfg = Release|Any CPU
		{9CE850E3-6E60-48D9-B57D-5EAE8AD2A259}.Release|Any CPU.Build.0 = Release|Any CPU
		{B4C400CF-05C1-446A-8BDA-B2759BBB911F}.Debug|Any CPU.ActiveCfg = Debug|Any CPU
		{B4C400CF-05C1-446A-8BDA-B2759BBB911F}.Debug|Any CPU.Build.0 = Debug|Any CPU
		{B4C400CF-05C1-446A-8BDA-B2759BBB911F}.Release|Any CPU.ActiveCfg = Release|Any CPU
		{B4C400CF-05C1-446A-8BDA-B2759BBB911F}.Release|Any CPU.Build.0 = Release|Any CPU
		{E343B10D-50F8-453D-BAD4-0F607CE11907}.Debug|Any CPU.ActiveCfg = Debug|Any CPU
		{E343B10D-50F8-453D-BAD4-0F607CE11907}.Debug|Any CPU.Build.0 = Debug|Any CPU
		{E343B10D-50F8-453D-BAD4-0F607CE11907}.Release|Any CPU.ActiveCfg = Release|Any CPU
		{E343B10D-50F8-453D-BAD4-0F607CE11907}.Release|Any CPU.Build.0 = Release|Any CPU
		{83464DE5-DDCE-4657-ACC2-F5F934C80C77}.Debug|Any CPU.ActiveCfg = Debug|Any CPU
		{83464DE5-DDCE-4657-ACC2-F5F934C80C77}.Debug|Any CPU.Build.0 = Debug|Any CPU
		{83464DE5-DDCE-4657-ACC2-F5F934C80C77}.Release|Any CPU.ActiveCfg = Release|Any CPU
		{83464DE5-DDCE-4657-ACC2-F5F934C80C77}.Release|Any CPU.Build.0 = Release|Any CPU
		{9228D0F6-7475-4D2C-8D0E-E8C608824E2F}.Debug|Any CPU.ActiveCfg = Debug|Any CPU
		{9228D0F6-7475-4D2C-8D0E-E8C608824E2F}.Debug|Any CPU.Build.0 = Debug|Any CPU
		{9228D0F6-7475-4D2C-8D0E-E8C608824E2F}.Release|Any CPU.ActiveCfg = Release|Any CPU
		{9228D0F6-7475-4D2C-8D0E-E8C608824E2F}.Release|Any CPU.Build.0 = Release|Any CPU
		{B4FAB170-EA32-4A51-904F-EC7647194B93}.Debug|Any CPU.ActiveCfg = Debug|Any CPU
		{B4FAB170-EA32-4A51-904F-EC7647194B93}.Debug|Any CPU.Build.0 = Debug|Any CPU
		{B4FAB170-EA32-4A51-904F-EC7647194B93}.Release|Any CPU.ActiveCfg = Release|Any CPU
		{B4FAB170-EA32-4A51-904F-EC7647194B93}.Release|Any CPU.Build.0 = Release|Any CPU
	EndGlobalSection
	GlobalSection(SolutionProperties) = preSolution
		HideSolutionNode = FALSE
	EndGlobalSection
	GlobalSection(ExtensibilityGlobals) = postSolution
		SolutionGuid = {D476B714-F119-4C06-B757-C70540077A00}
	EndGlobalSection
EndGlobal
